
Microsoft Visual Studio Solution File, Format Version 12.00
# Visual Studio Version 16
VisualStudioVersion = 16.0.30804.86
MinimumVisualStudioVersion = 10.0.40219.1
Project("{FAE04EC0-301F-11D3-BF4B-00C04F79EFBC}") = "CPU_Catalog3.Android", "CPU_Catalog3\CPU_Catalog3.Android\CPU_Catalog3.Android.csproj", "{91A42BF2-C62A-47C8-8913-48B0CA43C8EE}"
EndProject
Project("{FAE04EC0-301F-11D3-BF4B-00C04F79EFBC}") = "CPU_Catalog3.iOS", "CPU_Catalog3\CPU_Catalog3.iOS\CPU_Catalog3.iOS.csproj", "{8BC0AF09-1E9E-4923-A68C-83E51DF92088}"
EndProject
Project("{FAE04EC0-301F-11D3-BF4B-00C04F79EFBC}") = "CPU_Catalog3", "CPU_Catalog3\CPU_Catalog3\CPU_Catalog3.csproj", "{65C076F3-71D4-42C7-AD13-6F371E4DCF09}"
EndProject
Global
	GlobalSection(SolutionConfigurationPlatforms) = preSolution
		Debug|Any CPU = Debug|Any CPU
		Debug|iPhone = Debug|iPhone
		Debug|iPhoneSimulator = Debug|iPhoneSimulator
		Release|Any CPU = Release|Any CPU
		Release|iPhone = Release|iPhone
		Release|iPhoneSimulator = Release|iPhoneSimulator
	EndGlobalSection
	GlobalSection(ProjectConfigurationPlatforms) = postSolution
		{91A42BF2-C62A-47C8-8913-48B0CA43C8EE}.Debug|Any CPU.ActiveCfg = Debug|Any CPU
		{91A42BF2-C62A-47C8-8913-48B0CA43C8EE}.Debug|Any CPU.Build.0 = Debug|Any CPU
		{91A42BF2-C62A-47C8-8913-48B0CA43C8EE}.Debug|Any CPU.Deploy.0 = Debug|Any CPU
		{91A42BF2-C62A-47C8-8913-48B0CA43C8EE}.Debug|iPhone.ActiveCfg = Debug|Any CPU
		{91A42BF2-C62A-47C8-8913-48B0CA43C8EE}.Debug|iPhone.Build.0 = Debug|Any CPU
		{91A42BF2-C62A-47C8-8913-48B0CA43C8EE}.Debug|iPhone.Deploy.0 = Debug|Any CPU
		{91A42BF2-C62A-47C8-8913-48B0CA43C8EE}.Debug|iPhoneSimulator.ActiveCfg = Debug|Any CPU
		{91A42BF2-C62A-47C8-8913-48B0CA43C8EE}.Debug|iPhoneSimulator.Build.0 = Debug|Any CPU
		{91A42BF2-C62A-47C8-8913-48B0CA43C8EE}.Debug|iPhoneSimulator.Deploy.0 = Debug|Any CPU
		{91A42BF2-C62A-47C8-8913-48B0CA43C8EE}.Release|Any CPU.ActiveCfg = Release|Any CPU
		{91A42BF2-C62A-47C8-8913-48B0CA43C8EE}.Release|Any CPU.Build.0 = Release|Any CPU
		{91A42BF2-C62A-47C8-8913-48B0CA43C8EE}.Release|Any CPU.Deploy.0 = Release|Any CPU
		{91A42BF2-C62A-47C8-8913-48B0CA43C8EE}.Release|iPhone.ActiveCfg = Release|Any CPU
		{91A42BF2-C62A-47C8-8913-48B0CA43C8EE}.Release|iPhone.Build.0 = Release|Any CPU
		{91A42BF2-C62A-47C8-8913-48B0CA43C8EE}.Release|iPhone.Deploy.0 = Release|Any CPU
		{91A42BF2-C62A-47C8-8913-48B0CA43C8EE}.Release|iPhoneSimulator.ActiveCfg = Release|Any CPU
		{91A42BF2-C62A-47C8-8913-48B0CA43C8EE}.Release|iPhoneSimulator.Build.0 = Release|Any CPU
		{91A42BF2-C62A-47C8-8913-48B0CA43C8EE}.Release|iPhoneSimulator.Deploy.0 = Release|Any CPU
		{8BC0AF09-1E9E-4923-A68C-83E51DF92088}.Debug|Any CPU.ActiveCfg = Debug|iPhone
		{8BC0AF09-1E9E-4923-A68C-83E51DF92088}.Debug|Any CPU.Build.0 = Debug|iPhone
		{8BC0AF09-1E9E-4923-A68C-83E51DF92088}.Debug|Any CPU.Deploy.0 = Debug|iPhone
		{8BC0AF09-1E9E-4923-A68C-83E51DF92088}.Debug|iPhone.ActiveCfg = Debug|iPhone
		{8BC0AF09-1E9E-4923-A68C-83E51DF92088}.Debug|iPhone.Build.0 = Debug|iPhone
		{8BC0AF09-1E9E-4923-A68C-83E51DF92088}.Debug|iPhone.Deploy.0 = Debug|iPhone
		{8BC0AF09-1E9E-4923-A68C-83E51DF92088}.Debug|iPhoneSimulator.ActiveCfg = Debug|iPhoneSimulator
		{8BC0AF09-1E9E-4923-A68C-83E51DF92088}.Debug|iPhoneSimulator.Build.0 = Debug|iPhoneSimulator
		{8BC0AF09-1E9E-4923-A68C-83E51DF92088}.Debug|iPhoneSimulator.Deploy.0 = Debug|iPhoneSimulator
		{8BC0AF09-1E9E-4923-A68C-83E51DF92088}.Release|Any CPU.ActiveCfg = Release|iPhoneSimulator
		{8BC0AF09-1E9E-4923-A68C-83E51DF92088}.Release|Any CPU.Build.0 = Release|iPhoneSimulator
		{8BC0AF09-1E9E-4923-A68C-83E51DF92088}.Release|Any CPU.Deploy.0 = Release|iPhoneSimulator
		{8BC0AF09-1E9E-4923-A68C-83E51DF92088}.Release|iPhone.ActiveCfg = Release|iPhone
		{8BC0AF09-1E9E-4923-A68C-83E51DF92088}.Release|iPhone.Build.0 = Release|iPhone
		{8BC0AF09-1E9E-4923-A68C-83E51DF92088}.Release|iPhone.Deploy.0 = Release|iPhone
		{8BC0AF09-1E9E-4923-A68C-83E51DF92088}.Release|iPhoneSimulator.ActiveCfg = Release|iPhoneSimulator
		{8BC0AF09-1E9E-4923-A68C-83E51DF92088}.Release|iPhoneSimulator.Build.0 = Release|iPhoneSimulator
		{8BC0AF09-1E9E-4923-A68C-83E51DF92088}.Release|iPhoneSimulator.Deploy.0 = Release|iPhoneSimulator
		{65C076F3-71D4-42C7-AD13-6F371E4DCF09}.Debug|Any CPU.ActiveCfg = Debug|Any CPU
		{65C076F3-71D4-42C7-AD13-6F371E4DCF09}.Debug|Any CPU.Build.0 = Debug|Any CPU
		{65C076F3-71D4-42C7-AD13-6F371E4DCF09}.Debug|Any CPU.Deploy.0 = Debug|Any CPU
		{65C076F3-71D4-42C7-AD13-6F371E4DCF09}.Debug|iPhone.ActiveCfg = Debug|Any CPU
		{65C076F3-71D4-42C7-AD13-6F371E4DCF09}.Debug|iPhone.Build.0 = Debug|Any CPU
		{65C076F3-71D4-42C7-AD13-6F371E4DCF09}.Debug|iPhone.Deploy.0 = Debug|Any CPU
		{65C076F3-71D4-42C7-AD13-6F371E4DCF09}.Debug|iPhoneSimulator.ActiveCfg = Debug|Any CPU
		{65C076F3-71D4-42C7-AD13-6F371E4DCF09}.Debug|iPhoneSimulator.Build.0 = Debug|Any CPU
		{65C076F3-71D4-42C7-AD13-6F371E4DCF09}.Debug|iPhoneSimulator.Deploy.0 = Debug|Any CPU
		{65C076F3-71D4-42C7-AD13-6F371E4DCF09}.Release|Any CPU.ActiveCfg = Release|Any CPU
		{65C076F3-71D4-42C7-AD13-6F371E4DCF09}.Release|Any CPU.Build.0 = Release|Any CPU
		{65C076F3-71D4-42C7-AD13-6F371E4DCF09}.Release|Any CPU.Deploy.0 = Release|Any CPU
		{65C076F3-71D4-42C7-AD13-6F371E4DCF09}.Release|iPhone.ActiveCfg = Release|Any CPU
		{65C076F3-71D4-42C7-AD13-6F371E4DCF09}.Release|iPhone.Build.0 = Release|Any CPU
		{65C076F3-71D4-42C7-AD13-6F371E4DCF09}.Release|iPhone.Deploy.0 = Release|Any CPU
		{65C076F3-71D4-42C7-AD13-6F371E4DCF09}.Release|iPhoneSimulator.ActiveCfg = Release|Any CPU
		{65C076F3-71D4-42C7-AD13-6F371E4DCF09}.Release|iPhoneSimulator.Build.0 = Release|Any CPU
		{65C076F3-71D4-42C7-AD13-6F371E4DCF09}.Release|iPhoneSimulator.Deploy.0 = Release|Any CPU
	EndGlobalSection
	GlobalSection(SolutionProperties) = preSolution
		HideSolutionNode = FALSE
	EndGlobalSection
	GlobalSection(ExtensibilityGlobals) = postSolution
		SolutionGuid = {D81AD6B3-F29E-4A06-9770-41437E926399}
	EndGlobalSection
EndGlobal
